
Microsoft Visual Studio Solution File, Format Version 12.00
# Visual Studio Version 17
VisualStudioVersion = 17.12.35707.178
MinimumVisualStudioVersion = 10.0.40219.1
Project("{FAE04EC0-301F-11D3-BF4B-00C04F79EFBC}") = "Presentacion", "Presentacion\Presentacion.csproj", "{33C120D4-ABD7-48C8-8242-900A97D62EAC}"
EndProject
Project("{FAE04EC0-301F-11D3-BF4B-00C04F79EFBC}") = "Entidades", "Entidades\Entidades.csproj", "{7EDAA741-2244-452E-9F50-683DFA73A40E}"
EndProject
Project("{FAE04EC0-301F-11D3-BF4B-00C04F79EFBC}") = "Negocios", "Negocios\Negocios.csproj", "{A64FB509-F0A4-4DD4-AE9D-077D30D71670}"
EndProject
Project("{FAE04EC0-301F-11D3-BF4B-00C04F79EFBC}") = "Datos", "Datos\Datos.csproj", "{239BEE20-C4FE-4521-878D-C4290E43EDBC}"
EndProject
Project("{FAE04EC0-301F-11D3-BF4B-00C04F79EFBC}") = "Servicios", "Servicios\Servicios.csproj", "{0948ECFE-C5BB-45D9-9BBB-842D49E741A6}"
EndProject
Global
	GlobalSection(SolutionConfigurationPlatforms) = preSolution
		Debug|Any CPU = Debug|Any CPU
		Release|Any CPU = Release|Any CPU
	EndGlobalSection
	GlobalSection(ProjectConfigurationPlatforms) = postSolution
		{33C120D4-ABD7-48C8-8242-900A97D62EAC}.Debug|Any CPU.ActiveCfg = Debug|Any CPU
		{33C120D4-ABD7-48C8-8242-900A97D62EAC}.Debug|Any CPU.Build.0 = Debug|Any CPU
		{33C120D4-ABD7-48C8-8242-900A97D62EAC}.Release|Any CPU.ActiveCfg = Release|Any CPU
		{33C120D4-ABD7-48C8-8242-900A97D62EAC}.Release|Any CPU.Build.0 = Release|Any CPU
		{7EDAA741-2244-452E-9F50-683DFA73A40E}.Debug|Any CPU.ActiveCfg = Debug|Any CPU
		{7EDAA741-2244-452E-9F50-683DFA73A40E}.Debug|Any CPU.Build.0 = Debug|Any CPU
		{7EDAA741-2244-452E-9F50-683DFA73A40E}.Release|Any CPU.ActiveCfg = Release|Any CPU
		{7EDAA741-2244-452E-9F50-683DFA73A40E}.Release|Any CPU.Build.0 = Release|Any CPU
		{A64FB509-F0A4-4DD4-AE9D-077D30D71670}.Debug|Any CPU.ActiveCfg = Debug|Any CPU
		{A64FB509-F0A4-4DD4-AE9D-077D30D71670}.Debug|Any CPU.Build.0 = Debug|Any CPU
		{A64FB509-F0A4-4DD4-AE9D-077D30D71670}.Release|Any CPU.ActiveCfg = Release|Any CPU
		{A64FB509-F0A4-4DD4-AE9D-077D30D71670}.Release|Any CPU.Build.0 = Release|Any CPU
		{239BEE20-C4FE-4521-878D-C4290E43EDBC}.Debug|Any CPU.ActiveCfg = Debug|Any CPU
		{239BEE20-C4FE-4521-878D-C4290E43EDBC}.Debug|Any CPU.Build.0 = Debug|Any CPU
		{239BEE20-C4FE-4521-878D-C4290E43EDBC}.Release|Any CPU.ActiveCfg = Release|Any CPU
		{239BEE20-C4FE-4521-878D-C4290E43EDBC}.Release|Any CPU.Build.0 = Release|Any CPU
		{0948ECFE-C5BB-45D9-9BBB-842D49E741A6}.Debug|Any CPU.ActiveCfg = Debug|Any CPU
		{0948ECFE-C5BB-45D9-9BBB-842D49E741A6}.Debug|Any CPU.Build.0 = Debug|Any CPU
		{0948ECFE-C5BB-45D9-9BBB-842D49E741A6}.Release|Any CPU.ActiveCfg = Release|Any CPU
		{0948ECFE-C5BB-45D9-9BBB-842D49E741A6}.Release|Any CPU.Build.0 = Release|Any CPU
	EndGlobalSection
	GlobalSection(SolutionProperties) = preSolution
		HideSolutionNode = FALSE
	EndGlobalSection
	GlobalSection(ExtensibilityGlobals) = postSolution
		SolutionGuid = {5032810B-DC9C-423F-B4EF-82998303DFCF}
	EndGlobalSection
EndGlobal
